// !$*UTF8*$!
{
	archiveVersion = 1;
	classes = {
	};
	objectVersion = 46;
	objects = {

/* Begin PBXBuildFile section */
		77B365CE191CF45F007A29F5 /* Foundation.framework in Frameworks */ = {isa = PBXBuildFile; fileRef = 77B365CD191CF45F007A29F5 /* Foundation.framework */; };
		77B365D0191CF45F007A29F5 /* CoreGraphics.framework in Frameworks */ = {isa = PBXBuildFile; fileRef = 77B365CF191CF45F007A29F5 /* CoreGraphics.framework */; };
		77B365D2191CF45F007A29F5 /* UIKit.framework in Frameworks */ = {isa = PBXBuildFile; fileRef = 77B365D1191CF45F007A29F5 /* UIKit.framework */; };
		77B365D8191CF45F007A29F5 /* InfoPlist.strings in Resources */ = {isa = PBXBuildFile; fileRef = 77B365D6191CF45F007A29F5 /* InfoPlist.strings */; };
		77B365DA191CF45F007A29F5 /* main.m in Sources */ = {isa = PBXBuildFile; fileRef = 77B365D9191CF45F007A29F5 /* main.m */; };
		77B365DE191CF45F007A29F5 /* AppDelegate.m in Sources */ = {isa = PBXBuildFile; fileRef = 77B365DD191CF45F007A29F5 /* AppDelegate.m */; };
		77B365E0191CF45F007A29F5 /* Images.xcassets in Resources */ = {isa = PBXBuildFile; fileRef = 77B365DF191CF45F007A29F5 /* Images.xcassets */; };
		77B365E7191CF45F007A29F5 /* XCTest.framework in Frameworks */ = {isa = PBXBuildFile; fileRef = 77B365E6191CF45F007A29F5 /* XCTest.framework */; };
		77B365E8191CF45F007A29F5 /* Foundation.framework in Frameworks */ = {isa = PBXBuildFile; fileRef = 77B365CD191CF45F007A29F5 /* Foundation.framework */; };
		77B365E9191CF45F007A29F5 /* UIKit.framework in Frameworks */ = {isa = PBXBuildFile; fileRef = 77B365D1191CF45F007A29F5 /* UIKit.framework */; };
		77B365F1191CF45F007A29F5 /* InfoPlist.strings in Resources */ = {isa = PBXBuildFile; fileRef = 77B365EF191CF45F007A29F5 /* InfoPlist.strings */; };
		77B365F3191CF45F007A29F5 /* OhneCoreDataTests.m in Sources */ = {isa = PBXBuildFile; fileRef = 77B365F2191CF45F007A29F5 /* OhneCoreDataTests.m */; };
/* End PBXBuildFile section */

/* Begin PBXContainerItemProxy section */
		77B365EA191CF45F007A29F5 /* PBXContainerItemProxy */ = {
			isa = PBXContainerItemProxy;
			containerPortal = 77B365C2191CF45F007A29F5 /* Project object */;
			proxyType = 1;
			remoteGlobalIDString = 77B365C9191CF45F007A29F5;
			remoteInfo = OhneCoreData;
		};
/* End PBXContainerItemProxy section */

/* Begin PBXFileReference section */
		77B365CA191CF45F007A29F5 /* OhneCoreData.app */ = {isa = PBXFileReference; explicitFileType = wrapper.application; includeInIndex = 0; path = OhneCoreData.app; sourceTree = BUILT_PRODUCTS_DIR; };
		77B365CD191CF45F007A29F5 /* Foundation.framework */ = {isa = PBXFileReference; lastKnownFileType = wrapper.framework; name = Foundation.framework; path = System/Library/Frameworks/Foundation.framework; sourceTree = SDKROOT; };
		77B365CF191CF45F007A29F5 /* CoreGraphics.framework */ = {isa = PBXFileReference; lastKnownFileType = wrapper.framework; name = CoreGraphics.framework; path = System/Library/Frameworks/CoreGraphics.framework; sourceTree = SDKROOT; };
		77B365D1191CF45F007A29F5 /* UIKit.framework */ = {isa = PBXFileReference; lastKnownFileType = wrapper.framework; name = UIKit.framework; path = System/Library/Frameworks/UIKit.framework; sourceTree = SDKROOT; };
		77B365D5191CF45F007A29F5 /* OhneCoreData-Info.plist */ = {isa = PBXFileReference; lastKnownFileType = text.plist.xml; path = "OhneCoreData-Info.plist"; sourceTree = "<group>"; };
		77B365D7191CF45F007A29F5 /* en */ = {isa = PBXFileReference; lastKnownFileType = text.plist.strings; name = en; path = en.lproj/InfoPlist.strings; sourceTree = "<group>"; };
		77B365D9191CF45F007A29F5 /* main.m */ = {isa = PBXFileReference; lastKnownFileType = sourcecode.c.objc; path = main.m; sourceTree = "<group>"; };
		77B365DB191CF45F007A29F5 /* OhneCoreData-Prefix.pch */ = {isa = PBXFileReference; lastKnownFileType = sourcecode.c.h; path = "OhneCoreData-Prefix.pch"; sourceTree = "<group>"; };
		77B365DC191CF45F007A29F5 /* AppDelegate.h */ = {isa = PBXFileReference; lastKnownFileType = sourcecode.c.h; path = AppDelegate.h; sourceTree = "<group>"; };
		77B365DD191CF45F007A29F5 /* AppDelegate.m */ = {isa = PBXFileReference; lastKnownFileType = sourcecode.c.objc; path = AppDelegate.m; sourceTree = "<group>"; };
		77B365DF191CF45F007A29F5 /* Images.xcassets */ = {isa = PBXFileReference; lastKnownFileType = folder.assetcatalog; path = Images.xcassets; sourceTree = "<group>"; };
		77B365E5191CF45F007A29F5 /* OhneCoreDataTests.xctest */ = {isa = PBXFileReference; explicitFileType = wrapper.cfbundle; includeInIndex = 0; path = OhneCoreDataTests.xctest; sourceTree = BUILT_PRODUCTS_DIR; };
		77B365E6191CF45F007A29F5 /* XCTest.framework */ = {isa = PBXFileReference; lastKnownFileType = wrapper.framework; name = XCTest.framework; path = Library/Frameworks/XCTest.framework; sourceTree = DEVELOPER_DIR; };
		77B365EE191CF45F007A29F5 /* OhneCoreDataTests-Info.plist */ = {isa = PBXFileReference; lastKnownFileType = text.plist.xml; path = "OhneCoreDataTests-Info.plist"; sourceTree = "<group>"; };
		77B365F0191CF45F007A29F5 /* en */ = {isa = PBXFileReference; lastKnownFileType = text.plist.strings; name = en; path = en.lproj/InfoPlist.strings; sourceTree = "<group>"; };
		77B365F2191CF45F007A29F5 /* OhneCoreDataTests.m */ = {isa = PBXFileReference; lastKnownFileType = sourcecode.c.objc; path = OhneCoreDataTests.m; sourceTree = "<group>"; };
/* End PBXFileReference section */

/* Begin PBXFrameworksBuildPhase section */
		77B365C7191CF45F007A29F5 /* Frameworks */ = {
			isa = PBXFrameworksBuildPhase;
			buildActionMask = 2147483647;
			files = (
				77B365D0191CF45F007A29F5 /* CoreGraphics.framework in Frameworks */,
				77B365D2191CF45F007A29F5 /* UIKit.framework in Frameworks */,
				77B365CE191CF45F007A29F5 /* Foundation.framework in Frameworks */,
			);
			runOnlyForDeploymentPostprocessing = 0;
		};
		77B365E2191CF45F007A29F5 /* Frameworks */ = {
			isa = PBXFrameworksBuildPhase;
			buildActionMask = 2147483647;
			files = (
				77B365E7191CF45F007A29F5 /* XCTest.framework in Frameworks */,
				77B365E9191CF45F007A29F5 /* UIKit.framework in Frameworks */,
				77B365E8191CF45F007A29F5 /* Foundation.framework in Frameworks */,
			);
			runOnlyForDeploymentPostprocessing = 0;
		};
/* End PBXFrameworksBuildPhase section */

/* Begin PBXGroup section */
		77B365C1191CF45F007A29F5 = {
			isa = PBXGroup;
			children = (
				77B365D3191CF45F007A29F5 /* OhneCoreData */,
				77B365EC191CF45F007A29F5 /* OhneCoreDataTests */,
				77B365CC191CF45F007A29F5 /* Frameworks */,
				77B365CB191CF45F007A29F5 /* Products */,
			);
			sourceTree = "<group>";
		};
		77B365CB191CF45F007A29F5 /* Products */ = {
			isa = PBXGroup;
			children = (
				77B365CA191CF45F007A29F5 /* OhneCoreData.app */,
				77B365E5191CF45F007A29F5 /* OhneCoreDataTests.xctest */,
			);
			name = Products;
			sourceTree = "<group>";
		};
		77B365CC191CF45F007A29F5 /* Frameworks */ = {
			isa = PBXGroup;
			children = (
				77B365CD191CF45F007A29F5 /* Foundation.framework */,
				77B365CF191CF45F007A29F5 /* CoreGraphics.framework */,
				77B365D1191CF45F007A29F5 /* UIKit.framework */,
				77B365E6191CF45F007A29F5 /* XCTest.framework */,
			);
			name = Frameworks;
			sourceTree = "<group>";
		};
		77B365D3191CF45F007A29F5 /* OhneCoreData */ = {
			isa = PBXGroup;
			children = (
				77B365DC191CF45F007A29F5 /* AppDelegate.h */,
				77B365DD191CF45F007A29F5 /* AppDelegate.m */,
				77B365DF191CF45F007A29F5 /* Images.xcassets */,
				77B365D4191CF45F007A29F5 /* Supporting Files */,
			);
			path = OhneCoreData;
			sourceTree = "<group>";
		};
		77B365D4191CF45F007A29F5 /* Supporting Files */ = {
			isa = PBXGroup;
			children = (
				77B365D5191CF45F007A29F5 /* OhneCoreData-Info.plist */,
				77B365D6191CF45F007A29F5 /* InfoPlist.strings */,
				77B365D9191CF45F007A29F5 /* main.m */,
				77B365DB191CF45F007A29F5 /* OhneCoreData-Prefix.pch */,
			);
			name = "Supporting Files";
			sourceTree = "<group>";
		};
		77B365EC191CF45F007A29F5 /* OhneCoreDataTests */ = {
			isa = PBXGroup;
			children = (
				77B365F2191CF45F007A29F5 /* OhneCoreDataTests.m */,
				77B365ED191CF45F007A29F5 /* Supporting Files */,
			);
			path = OhneCoreDataTests;
			sourceTree = "<group>";
		};
		77B365ED191CF45F007A29F5 /* Supporting Files */ = {
			isa = PBXGroup;
			children = (
				77B365EE191CF45F007A29F5 /* OhneCoreDataTests-Info.plist */,
				77B365EF191CF45F007A29F5 /* InfoPlist.strings */,
			);
			name = "Supporting Files";
			sourceTree = "<group>";
		};
/* End PBXGroup section */

/* Begin PBXNativeTarget section */
		77B365C9191CF45F007A29F5 /* OhneCoreData */ = {
			isa = PBXNativeTarget;
			buildConfigurationList = 77B365F6191CF45F007A29F5 /* Build configuration list for PBXNativeTarget "OhneCoreData" */;
			buildPhases = (
				77B365C6191CF45F007A29F5 /* Sources */,
				77B365C7191CF45F007A29F5 /* Frameworks */,
				77B365C8191CF45F007A29F5 /* Resources */,
			);
			buildRules = (
			);
			dependencies = (
			);
			name = OhneCoreData;
			productName = OhneCoreData;
			productReference = 77B365CA191CF45F007A29F5 /* OhneCoreData.app */;
			productType = "com.apple.product-type.application";
		};
		77B365E4191CF45F007A29F5 /* OhneCoreDataTests */ = {
			isa = PBXNativeTarget;
			buildConfigurationList = 77B365F9191CF45F007A29F5 /* Build configuration list for PBXNativeTarget "OhneCoreDataTests" */;
			buildPhases = (
				77B365E1191CF45F007A29F5 /* Sources */,
				77B365E2191CF45F007A29F5 /* Frameworks */,
				77B365E3191CF45F007A29F5 /* Resources */,
			);
			buildRules = (
			);
			dependencies = (
				77B365EB191CF45F007A29F5 /* PBXTargetDependency */,
			);
			name = OhneCoreDataTests;
			productName = OhneCoreDataTests;
			productReference = 77B365E5191CF45F007A29F5 /* OhneCoreDataTests.xctest */;
			productType = "com.apple.product-type.bundle.unit-test";
		};
/* End PBXNativeTarget section */

/* Begin PBXProject section */
		77B365C2191CF45F007A29F5 /* Project object */ = {
			isa = PBXProject;
			attributes = {
				LastUpgradeCheck = 0510;
				ORGANIZATIONNAME = appanatics;
				TargetAttributes = {
					77B365E4191CF45F007A29F5 = {
						TestTargetID = 77B365C9191CF45F007A29F5;
					};
				};
			};
			buildConfigurationList = 77B365C5191CF45F007A29F5 /* Build configuration list for PBXProject "OhneCoreData" */;
			compatibilityVersion = "Xcode 3.2";
			developmentRegion = English;
			hasScannedForEncodings = 0;
			knownRegions = (
				en,
			);
			mainGroup = 77B365C1191CF45F007A29F5;
			productRefGroup = 77B365CB191CF45F007A29F5 /* Products */;
			projectDirPath = "";
			projectRoot = "";
			targets = (
				77B365C9191CF45F007A29F5 /* OhneCoreData */,
				77B365E4191CF45F007A29F5 /* OhneCoreDataTests */,
			);
		};
/* End PBXProject section */

/* Begin PBXResourcesBuildPhase section */
		77B365C8191CF45F007A29F5 /* Resources */ = {
			isa = PBXResourcesBuildPhase;
			buildActionMask = 2147483647;
			files = (
				77B365D8191CF45F007A29F5 /* InfoPlist.strings in Resources */,
				77B365E0191CF45F007A29F5 /* Images.xcassets in Resources */,
			);
			runOnlyForDeploymentPostprocessing = 0;
		};
		77B365E3191CF45F007A29F5 /* Resources */ = {
			isa = PBXResourcesBuildPhase;
			buildActionMask = 2147483647;
			files = (
				77B365F1191CF45F007A29F5 /* InfoPlist.strings in Resources */,
			);
			runOnlyForDeploymentPostprocessing = 0;
		};
/* End PBXResourcesBuildPhase section */

/* Begin PBXSourcesBuildPhase section */
		77B365C6191CF45F007A29F5 /* Sources */ = {
			isa = PBXSourcesBuildPhase;
			buildActionMask = 2147483647;
			files = (
				77B365DE191CF45F007A29F5 /* AppDelegate.m in Sources */,
				77B365DA191CF45F007A29F5 /* main.m in Sources */,
			);
			runOnlyForDeploymentPostprocessing = 0;
		};
		77B365E1191CF45F007A29F5 /* Sources */ = {
			isa = PBXSourcesBuildPhase;
			buildActionMask = 2147483647;
			files = (
				77B365F3191CF45F007A29F5 /* OhneCoreDataTests.m in Sources */,
			);
			runOnlyForDeploymentPostprocessing = 0;
		};
/* End PBXSourcesBuildPhase section */

/* Begin PBXTargetDependency section */
		77B365EB191CF45F007A29F5 /* PBXTargetDependency */ = {
			isa = PBXTargetDependency;
			target = 77B365C9191CF45F007A29F5 /* OhneCoreData */;
			targetProxy = 77B365EA191CF45F007A29F5 /* PBXContainerItemProxy */;
		};
/* End PBXTargetDependency section */

/* Begin PBXVariantGroup section */
		77B365D6191CF45F007A29F5 /* InfoPlist.strings */ = {
			isa = PBXVariantGroup;
			children = (
				77B365D7191CF45F007A29F5 /* en */,
			);
			name = InfoPlist.strings;
			sourceTree = "<group>";
		};
		77B365EF191CF45F007A29F5 /* InfoPlist.strings */ = {
			isa = PBXVariantGroup;
			children = (
				77B365F0191CF45F007A29F5 /* en */,
			);
			name = InfoPlist.strings;
			sourceTree = "<group>";
		};
/* End PBXVariantGroup section */

/* Begin XCBuildConfiguration section */
		77B365F4191CF45F007A29F5 /* Debug */ = {
			isa = XCBuildConfiguration;
			buildSettings = {
				ALWAYS_SEARCH_USER_PATHS = NO;
				CLANG_CXX_LANGUAGE_STANDARD = "gnu++0x";
				CLANG_CXX_LIBRARY = "libc++";
				CLANG_ENABLE_MODULES = YES;
				CLANG_ENABLE_OBJC_ARC = YES;
				CLANG_WARN_BOOL_CONVERSION = YES;
				CLANG_WARN_CONSTANT_CONVERSION = YES;
				CLANG_WARN_DIRECT_OBJC_ISA_USAGE = YES_ERROR;
				CLANG_WARN_EMPTY_BODY = YES;
				CLANG_WARN_ENUM_CONVERSION = YES;
				CLANG_WARN_INT_CONVERSION = YES;
				CLANG_WARN_OBJC_ROOT_CLASS = YES_ERROR;
				CLANG_WARN__DUPLICATE_METHOD_MATCH = YES;
				"CODE_SIGN_IDENTITY[sdk=iphoneos*]" = "iPhone Developer";
				COPY_PHASE_STRIP = NO;
				GCC_C_LANGUAGE_STANDARD = gnu99;
				GCC_DYNAMIC_NO_PIC = NO;
				GCC_OPTIMIZATION_LEVEL = 0;
				GCC_PREPROCESSOR_DEFINITIONS = (
					"DEBUG=1",
					"$(inherited)",
				);
				GCC_SYMBOLS_PRIVATE_EXTERN = NO;
				GCC_WARN_64_TO_32_BIT_CONVERSION = YES;
				GCC_WARN_ABOUT_RETURN_TYPE = YES_ERROR;
				GCC_WARN_UNDECLARED_SELECTOR = YES;
				GCC_WARN_UNINITIALIZED_AUTOS = YES_AGGRESSIVE;
				GCC_WARN_UNUSED_FUNCTION = YES;
				GCC_WARN_UNUSED_VARIABLE = YES;
				IPHONEOS_DEPLOYMENT_TARGET = 7.1;
				ONLY_ACTIVE_ARCH = YES;
				SDKROOT = iphoneos;
			};
			name = Debug;
		};
		77B365F5191CF45F007A29F5 /* Release */ = {
			isa = XCBuildConfiguration;
			buildSettings = {
				ALWAYS_SEARCH_USER_PATHS = NO;
				CLANG_CXX_LANGUAGE_STANDARD = "gnu++0x";
				CLANG_CXX_LIBRARY = "libc++";
				CLANG_ENABLE_MODULES = YES;
				CLANG_ENABLE_OBJC_ARC = YES;
				CLANG_WARN_BOOL_CONVERSION = YES;
				CLANG_WARN_CONSTANT_CONVERSION = YES;
				CLANG_WARN_DIRECT_OBJC_ISA_USAGE = YES_ERROR;
				CLANG_WARN_EMPTY_BODY = YES;
				CLANG_WARN_ENUM_CONVERSION = YES;
				CLANG_WARN_INT_CONVERSION = YES;
				CLANG_WARN_OBJC_ROOT_CLASS = YES_ERROR;
				CLANG_WARN__DUPLICATE_METHOD_MATCH = YES;
				"CODE_SIGN_IDENTITY[sdk=iphoneos*]" = "iPhone Developer";
				COPY_PHASE_STRIP = YES;
				ENABLE_NS_ASSERTIONS = NO;
				GCC_C_LANGUAGE_STANDARD = gnu99;
				GCC_WARN_64_TO_32_BIT_CONVERSION = YES;
				GCC_WARN_ABOUT_RETURN_TYPE = YES_ERROR;
				GCC_WARN_UNDECLARED_SELECTOR = YES;
				GCC_WARN_UNINITIALIZED_AUTOS = YES_AGGRESSIVE;
				GCC_WARN_UNUSED_FUNCTION = YES;
				GCC_WARN_UNUSED_VARIABLE = YES;
				IPHONEOS_DEPLOYMENT_TARGET = 7.1;
				SDKROOT = iphoneos;
				VALIDATE_PRODUCT = YES;
			};
			name = Release;
		};
		77B365F7191CF45F007A29F5 /* Debug */ = {
			isa = XCBuildConfiguration;
			buildSettings = {
				ASSETCATALOG_COMPILER_APPICON_NAME = AppIcon;
				ASSETCATALOG_COMPILER_LAUNCHIMAGE_NAME = LaunchImage;
				GCC_PRECOMPILE_PREFIX_HEADER = YES;
				GCC_PREFIX_HEADER = "OhneCoreData/OhneCoreData-Prefix.pch";
				INFOPLIST_FILE = "OhneCoreData/OhneCoreData-Info.plist";
				PRODUCT_NAME = "$(TARGET_NAME)";
				WRAPPER_EXTENSION = app;
			};
			name = Debug;
		};
		77B365F8191CF45F007A29F5 /* Release */ = {
			isa = XCBuildConfiguration;
			buildSettings = {
				ASSETCATALOG_COMPILER_APPICON_NAME = AppIcon;
				ASSETCATALOG_COMPILER_LAUNCHIMAGE_NAME = LaunchImage;
				GCC_PRECOMPILE_PREFIX_HEADER = YES;
				GCC_PREFIX_HEADER = "OhneCoreData/OhneCoreData-Prefix.pch";
				INFOPLIST_FILE = "OhneCoreData/OhneCoreData-Info.plist";
				PRODUCT_NAME = "$(TARGET_NAME)";
				WRAPPER_EXTENSION = app;
			};
			name = Release;
		};
		77B365FA191CF45F007A29F5 /* Debug */ = {
			isa = XCBuildConfiguration;
			buildSettings = {
				BUNDLE_LOADER = "$(BUILT_PRODUCTS_DIR)/OhneCoreData.app/OhneCoreData";
				FRAMEWORK_SEARCH_PATHS = (
					"$(SDKROOT)/Developer/Library/Frameworks",
					"$(inherited)",
					"$(DEVELOPER_FRAMEWORKS_DIR)",
				);
				GCC_PRECOMPILE_PREFIX_HEADER = YES;
				GCC_PREFIX_HEADER = "OhneCoreData/OhneCoreData-Prefix.pch";
				GCC_PREPROCESSOR_DEFINITIONS = (
					"DEBUG=1",
					"$(inherited)",
				);
				INFOPLIST_FILE = "OhneCoreDataTests/OhneCoreDataTests-Info.plist";
				PRODUCT_NAME = "$(TARGET_NAME)";
				TEST_HOST = "$(BUNDLE_LOADER)";
				WRAPPER_EXTENSION = xctest;
			};
			name = Debug;
		};
		77B365FB191CF45F007A29F5 /* Release */ = {
			isa = XCBuildConfiguration;
			buildSettings = {
				BUNDLE_LOADER = "$(BUILT_PRODUCTS_DIR)/OhneCoreData.app/OhneCoreData";
				FRAMEWORK_SEARCH_PATHS = (
					"$(SDKROOT)/Developer/Library/Frameworks",
					"$(inherited)",
					"$(DEVELOPER_FRAMEWORKS_DIR)",
				);
				GCC_PRECOMPILE_PREFIX_HEADER = YES;
				GCC_PREFIX_HEADER = "OhneCoreData/OhneCoreData-Prefix.pch";
				INFOPLIST_FILE = "OhneCoreDataTests/OhneCoreDataTests-Info.plist";
				PRODUCT_NAME = "$(TARGET_NAME)";
				TEST_HOST = "$(BUNDLE_LOADER)";
				WRAPPER_EXTENSION = xctest;
			};
			name = Release;
		};
/* End XCBuildConfiguration section */

/* Begin XCConfigurationList section */
		77B365C5191CF45F007A29F5 /* Build configuration list for PBXProject "OhneCoreData" */ = {
			isa = XCConfigurationList;
			buildConfigurations = (
				77B365F4191CF45F007A29F5 /* Debug */,
				77B365F5191CF45F007A29F5 /* Release */,
			);
			defaultConfigurationIsVisible = 0;
			defaultConfigurationName = Release;
		};
		77B365F6191CF45F007A29F5 /* Build configuration list for PBXNativeTarget "OhneCoreData" */ = {
			isa = XCConfigurationList;
			buildConfigurations = (
				77B365F7191CF45F007A29F5 /* Debug */,
				77B365F8191CF45F007A29F5 /* Release */,
			);
			defaultConfigurationIsVisible = 0;
		};
		77B365F9191CF45F007A29F5 /* Build configuration list for PBXNativeTarget "OhneCoreDataTests" */ = {
			isa = XCConfigurationList;
			buildConfigurations = (
				77B365FA191CF45F007A29F5 /* Debug */,
				77B365FB191CF45F007A29F5 /* Release */,
			);
			defaultConfigurationIsVisible = 0;
		};
/* End XCConfigurationList section */
	};
	rootObject = 77B365C2191CF45F007A29F5 /* Project object */;
}
